<?xml version="1.0" encoding="utf-8"?>
<Project ToolsVersion="4.0" xmlns="http://schemas.microsoft.com/developer/msbuild/2003">
  <ItemGroup>
    <Filter Include="源文件">
      <UniqueIdentifier>{4FC737F1-C7A5-4376-A066-2A32D752A2FF}</UniqueIdentifier>
      <Extensions>cpp;c;cc;cxx;def;odl;idl;hpj;bat;asm;asmx</Extensions>
    </Filter>
    <Filter Include="头文件">
      <UniqueIdentifier>{93995380-89BD-4b04-88EB-625FBE52EBFB}</UniqueIdentifier>
      <Extensions>h;hh;hpp;hxx;hm;inl;inc;xsd</Extensions>
    </Filter>
    <Filter Include="资源文件">
      <UniqueIdentifier>{67DA6AB6-F800-4c08-8B7A-83BB121AAD01}</UniqueIdentifier>
      <Extensions>rc;ico;cur;bmp;dlg;rc2;rct;bin;rgs;gif;jpg;jpeg;jpe;resx;tiff;tif;png;wav;mfcribbon-ms</Extensions>
    </Filter>
  </ItemGroup>
  <ItemGroup>
    <ClInclude Include="include\app\app.h">
      <Filter>头文件</Filter>
    </ClInclude>
    <ClInclude Include="src\crystal\body.h">
      <Filter>头文件</Filter>
    </ClInclude>
    <ClInclude Include="src\crystal\collide_coarse.h">
      <Filter>头文件</Filter>
    </ClInclude>
    <ClInclude Include="src\crystal\collide_fine.h">
      <Filter>头文件</Filter>
    </ClInclude>
    <ClInclude Include="src\crystal\contact.h">
      <Filter>头文件</Filter>
    </ClInclude>
    <ClInclude Include="src\crystal\core.h">
      <Filter>头文件</Filter>
    </ClInclude>
    <ClInclude Include="src\crystal\crystal.h">
      <Filter>头文件</Filter>
    </ClInclude>
    <ClInclude Include="src\crystal\fgen.h">
      <Filter>头文件</Filter>
    </ClInclude>
    <ClInclude Include="src\crystal\particle.h">
      <Filter>头文件</Filter>
    </ClInclude>
    <ClInclude Include="src\crystal\pcontacts.h">
      <Filter>头文件</Filter>
    </ClInclude>
    <ClInclude Include="src\crystal\pfgen.h">
      <Filter>头文件</Filter>
    </ClInclude>
    <ClInclude Include="src\crystal\plinks.h">
      <Filter>头文件</Filter>
    </ClInclude>
    <ClInclude Include="src\crystal\precision.h">
      <Filter>头文件</Filter>
    </ClInclude>
    <ClInclude Include="src\crystal\pworld.h">
      <Filter>头文件</Filter>
    </ClInclude>
    <ClInclude Include="src\crystal\random.h">
      <Filter>头文件</Filter>
    </ClInclude>
    <ClInclude Include="src\crystal\world.h">
      <Filter>头文件</Filter>
    </ClInclude>
    <ClInclude Include="include\crystal\body.h">
      <Filter>头文件</Filter>
    </ClInclude>
    <ClInclude Include="include\crystal\collide_coarse.h">
      <Filter>头文件</Filter>
    </ClInclude>
    <ClInclude Include="include\crystal\collide_fine.h">
      <Filter>头文件</Filter>
    </ClInclude>
    <ClInclude Include="include\crystal\contact.h">
      <Filter>头文件</Filter>
    </ClInclude>
    <ClInclude Include="include\crystal\core.h">
      <Filter>头文件</Filter>
    </ClInclude>
    <ClInclude Include="include\crystal\crystal.h">
      <Filter>头文件</Filter>
    </ClInclude>
    <ClInclude Include="include\crystal\fgen.h">
      <Filter>头文件</Filter>
    </ClInclude>
    <ClInclude Include="include\crystal\particle.h">
      <Filter>头文件</Filter>
    </ClInclude>
    <ClInclude Include="include\crystal\pcontacts.h">
      <Filter>头文件</Filter>
    </ClInclude>
    <ClInclude Include="include\crystal\pfgen.h">
      <Filter>头文件</Filter>
    </ClInclude>
    <ClInclude Include="include\crystal\plinks.h">
      <Filter>头文件</Filter>
    </ClInclude>
    <ClInclude Include="include\crystal\precision.h">
      <Filter>头文件</Filter>
    </ClInclude>
    <ClInclude Include="include\crystal\pworld.h">
      <Filter>头文件</Filter>
    </ClInclude>
    <ClInclude Include="include\crystal\random.h">
      <Filter>头文件</Filter>
    </ClInclude>
    <ClInclude Include="include\crystal\world.h">
      <Filter>头文件</Filter>
    </ClInclude>
    <ClInclude Include="include\app\camera.h">
      <Filter>头文件</Filter>
    </ClInclude>
    <ClInclude Include="include\app\shader.h">
      <Filter>头文件</Filter>
    </ClInclude>
    <ClInclude Include="include\app\primitives.h">
      <Filter>头文件</Filter>
    </ClInclude>
  </ItemGroup>
  <ItemGroup>
    <ClCompile Include="src\particle.cpp">
      <Filter>源文件</Filter>
    </ClCompile>
    <ClCompile Include="src\pfgen.cpp">
      <Filter>源文件</Filter>
    </ClCompile>
    <ClCompile Include="src\test.cpp">
      <Filter>源文件</Filter>
    </ClCompile>
    <ClCompile Include="src\pcontacts.cpp">
      <Filter>源文件</Filter>
    </ClCompile>
    <ClCompile Include="src\plinks.cpp">
      <Filter>源文件</Filter>
    </ClCompile>
    <ClCompile Include="src\core.cpp">
      <Filter>源文件</Filter>
    </ClCompile>
    <ClCompile Include="src\body.cpp">
      <Filter>源文件</Filter>
    </ClCompile>
    <ClCompile Include="src\fgen.cpp">
      <Filter>源文件</Filter>
    </ClCompile>
    <ClCompile Include="src\world.cpp">
      <Filter>源文件</Filter>
    </ClCompile>
    <ClCompile Include="src\random.cpp">
      <Filter>源文件</Filter>
    </ClCompile>
    <ClCompile Include="src\collide_coarse.cpp">
      <Filter>源文件</Filter>
    </ClCompile>
    <ClCompile Include="src\collide_fine.cpp">
      <Filter>源文件</Filter>
    </ClCompile>
    <ClCompile Include="src\contact.cpp">
      <Filter>源文件</Filter>
    </ClCompile>
    <ClCompile Include="src\pworld.cpp">
      <Filter>源文件</Filter>
    </ClCompile>
    <ClCompile Include="apps\app.cpp">
      <Filter>源文件</Filter>
    </ClCompile>
    <ClCompile Include="apps\blockShooter.cpp">
      <Filter>源文件</Filter>
    </ClCompile>
    <ClCompile Include="apps\main.cpp">
      <Filter>源文件</Filter>
    </ClCompile>
    <ClCompile Include="src\primitives.cpp">
      <Filter>源文件</Filter>
    </ClCompile>
  </ItemGroup>
</Project>